# @generated - this file is auto-generated by `mise lock` https://mise.en.dev/dev-tools/mise-lock.html

[[tools.node]]
version = "18.20.5"
backend = "core:node"

[tools.node."platforms.linux-arm64"]
checksum = "sha256:759cfb9f76a1019daf65db9c2e5e43074ee660ec9b9ff3f31dcc4a88cca671e9"
url = "https://nodejs.org/dist/v18.20.5/node-v18.20.5-linux-arm64.tar.gz"

[tools.node."platforms.linux-arm64-musl"]
url = "https://unofficial-builds.nodejs.org/download/release/v18.20.5/node-v18.20.5-linux-arm64-musl.tar.gz"

[tools.node."platforms.linux-x64"]
checksum = "sha256:e7b80346bb586790ac6b29aa25c96716fcdf6039a6929c2ed506cec09cebc3c0"
url = "https://nodejs.org/dist/v18.20.5/node-v18.20.5-linux-x64.tar.gz"

[tools.node."platforms.linux-x64-musl"]
checksum = "sha256:2ef327d88b017905ee11e7e29eb52023411ad8f2172a312335a198f2bbc1aae2"
url = "https://unofficial-builds.nodejs.org/download/release/v18.20.5/node-v18.20.5-linux-x64-musl.tar.gz"

[tools.node."platforms.macos-arm64"]
checksum = "sha256:bdfeaf59dbf29aec08c0c66130edf0a8a17014b4f2997727641dfd0b58b51f48"
url = "https://nodejs.org/dist/v18.20.5/node-v18.20.5-darwin-arm64.tar.gz"

[tools.node."platforms.macos-x64"]
checksum = "sha256:dff01068da7d3fe7b515f72a3903dca96a34dc377f6f426b6a813901274b6441"
url = "https://nodejs.org/dist/v18.20.5/node-v18.20.5-darwin-x64.tar.gz"

[tools.node."platforms.windows-x64"]
checksum = "sha256:910237449895b4de61026568dc076fa6c3ffcd667563ed03112a4a77e1f1556b"
url = "https://nodejs.org/dist/v18.20.5/node-v18.20.5-win-x64.zip"
